// !$*UTF8*$!
{
	archiveVersion = 1;
	classes = {
	};
	objectVersion = 46;
	objects = {

/* Begin PBXBuildFile section */
		B3035C271B4102D0007B1268 /* AppDelegate.swift in Sources */ = {isa = PBXBuildFile; fileRef = B3035C261B4102D0007B1268 /* AppDelegate.swift */; };
		B3035C291B4102D0007B1268 /* ViewController.swift in Sources */ = {isa = PBXBuildFile; fileRef = B3035C281B4102D0007B1268 /* ViewController.swift */; };
		B3035C2C1B4102D0007B1268 /* Main.storyboard in Resources */ = {isa = PBXBuildFile; fileRef = B3035C2A1B4102D0007B1268 /* Main.storyboard */; };
		B3035C2E1B4102D0007B1268 /* Images.xcassets in Resources */ = {isa = PBXBuildFile; fileRef = B3035C2D1B4102D0007B1268 /* Images.xcassets */; };
		B3035C311B4102D0007B1268 /* LaunchScreen.xib in Resources */ = {isa = PBXBuildFile; fileRef = B3035C2F1B4102D0007B1268 /* LaunchScreen.xib */; };
		B3035C3D1B4102D0007B1268 /* FirstiOSAppTests.swift in Sources */ = {isa = PBXBuildFile; fileRef = B3035C3C1B4102D0007B1268 /* FirstiOSAppTests.swift */; };
/* End PBXBuildFile section */

/* Begin PBXContainerItemProxy section */
		B3035C371B4102D0007B1268 /* PBXContainerItemProxy */ = {
			isa = PBXContainerItemProxy;
			containerPortal = B3035C191B4102CF007B1268 /* Project object */;
			proxyType = 1;
			remoteGlobalIDString = B3035C201B4102CF007B1268;
			remoteInfo = FirstiOSApp;
		};
/* End PBXContainerItemProxy section */

/* Begin PBXFileReference section */
		B3035C211B4102D0007B1268 /* FirstiOSApp.app */ = {isa = PBXFileReference; explicitFileType = wrapper.application; includeInIndex = 0; path = FirstiOSApp.app; sourceTree = BUILT_PRODUCTS_DIR; };
		B3035C251B4102D0007B1268 /* Info.plist */ = {isa = PBXFileReference; lastKnownFileType = text.plist.xml; path = Info.plist; sourceTree = "<group>"; };
		B3035C261B4102D0007B1268 /* AppDelegate.swift */ = {isa = PBXFileReference; lastKnownFileType = sourcecode.swift; path = AppDelegate.swift; sourceTree = "<group>"; };
		B3035C281B4102D0007B1268 /* ViewController.swift */ = {isa = PBXFileReference; lastKnownFileType = sourcecode.swift; path = ViewController.swift; sourceTree = "<group>"; };
		B3035C2B1B4102D0007B1268 /* Base */ = {isa = PBXFileReference; lastKnownFileType = file.storyboard; name = Base; path = Base.lproj/Main.storyboard; sourceTree = "<group>"; };
		B3035C2D1B4102D0007B1268 /* Images.xcassets */ = {isa = PBXFileReference; lastKnownFileType = folder.assetcatalog; path = Images.xcassets; sourceTree = "<group>"; };
		B3035C301B4102D0007B1268 /* Base */ = {isa = PBXFileReference; lastKnownFileType = file.xib; name = Base; path = Base.lproj/LaunchScreen.xib; sourceTree = "<group>"; };
		B3035C361B4102D0007B1268 /* FirstiOSAppTests.xctest */ = {isa = PBXFileReference; explicitFileType = wrapper.cfbundle; includeInIndex = 0; path = FirstiOSAppTests.xctest; sourceTree = BUILT_PRODUCTS_DIR; };
		B3035C3B1B4102D0007B1268 /* Info.plist */ = {isa = PBXFileReference; lastKnownFileType = text.plist.xml; path = Info.plist; sourceTree = "<group>"; };
		B3035C3C1B4102D0007B1268 /* FirstiOSAppTests.swift */ = {isa = PBXFileReference; lastKnownFileType = sourcecode.swift; path = FirstiOSAppTests.swift; sourceTree = "<group>"; };
/* End PBXFileReference section */

/* Begin PBXFrameworksBuildPhase section */
		B3035C1E1B4102CF007B1268 /* Frameworks */ = {
			isa = PBXFrameworksBuildPhase;
			buildActionMask = 2147483647;
			files = (
			);
			runOnlyForDeploymentPostprocessing = 0;
		};
		B3035C331B4102D0007B1268 /* Frameworks */ = {
			isa = PBXFrameworksBuildPhase;
			buildActionMask = 2147483647;
			files = (
			);
			runOnlyForDeploymentPostprocessing = 0;
		};
/* End PBXFrameworksBuildPhase section */

/* Begin PBXGroup section */
		B3035C181B4102CF007B1268 = {
			isa = PBXGroup;
			children = (
				B3035C231B4102D0007B1268 /* FirstiOSApp */,
				B3035C391B4102D0007B1268 /* FirstiOSAppTests */,
				B3035C221B4102D0007B1268 /* Products */,
			);
			sourceTree = "<group>";
		};
		B3035C221B4102D0007B1268 /* Products */ = {
			isa = PBXGroup;
			children = (
				B3035C211B4102D0007B1268 /* FirstiOSApp.app */,
				B3035C361B4102D0007B1268 /* FirstiOSAppTests.xctest */,
			);
			name = Products;
			sourceTree = "<group>";
		};
		B3035C231B4102D0007B1268 /* FirstiOSApp */ = {
			isa = PBXGroup;
			children = (
				B3035C261B4102D0007B1268 /* AppDelegate.swift */,
				B3035C281B4102D0007B1268 /* ViewController.swift */,
				B3035C2A1B4102D0007B1268 /* Main.storyboard */,
				B3035C2D1B4102D0007B1268 /* Images.xcassets */,
				B3035C2F1B4102D0007B1268 /* LaunchScreen.xib */,
				B3035C241B4102D0007B1268 /* Supporting Files */,
			);
			path = FirstiOSApp;
			sourceTree = "<group>";
		};
		B3035C241B4102D0007B1268 /* Supporting Files */ = {
			isa = PBXGroup;
			children = (
				B3035C251B4102D0007B1268 /* Info.plist */,
			);
			name = "Supporting Files";
			sourceTree = "<group>";
		};
		B3035C391B4102D0007B1268 /* FirstiOSAppTests */ = {
			isa = PBXGroup;
			children = (
				B3035C3C1B4102D0007B1268 /* FirstiOSAppTests.swift */,
				B3035C3A1B4102D0007B1268 /* Supporting Files */,
			);
			path = FirstiOSAppTests;
			sourceTree = "<group>";
		};
		B3035C3A1B4102D0007B1268 /* Supporting Files */ = {
			isa = PBXGroup;
			children = (
				B3035C3B1B4102D0007B1268 /* Info.plist */,
			);
			name = "Supporting Files";
			sourceTree = "<group>";
		};
/* End PBXGroup section */

/* Begin PBXNativeTarget section */
		B3035C201B4102CF007B1268 /* FirstiOSApp */ = {
			isa = PBXNativeTarget;
			buildConfigurationList = B3035C401B4102D1007B1268 /* Build configuration list for PBXNativeTarget "FirstiOSApp" */;
			buildPhases = (
				B3035C1D1B4102CF007B1268 /* Sources */,
				B3035C1E1B4102CF007B1268 /* Frameworks */,
				B3035C1F1B4102CF007B1268 /* Resources */,
			);
			buildRules = (
			);
			dependencies = (
			);
			name = FirstiOSApp;
			productName = FirstiOSApp;
			productReference = B3035C211B4102D0007B1268 /* FirstiOSApp.app */;
			productType = "com.apple.product-type.application";
		};
		B3035C351B4102D0007B1268 /* FirstiOSAppTests */ = {
			isa = PBXNativeTarget;
			buildConfigurationList = B3035C431B4102D1007B1268 /* Build configuration list for PBXNativeTarget "FirstiOSAppTests" */;
			buildPhases = (
				B3035C321B4102D0007B1268 /* Sources */,
				B3035C331B4102D0007B1268 /* Frameworks */,
				B3035C341B4102D0007B1268 /* Resources */,
			);
			buildRules = (
			);
			dependencies = (
				B3035C381B4102D0007B1268 /* PBXTargetDependency */,
			);
			name = FirstiOSAppTests;
			productName = FirstiOSAppTests;
			productReference = B3035C361B4102D0007B1268 /* FirstiOSAppTests.xctest */;
			productType = "com.apple.product-type.bundle.unit-test";
		};
/* End PBXNativeTarget section */

/* Begin PBXProject section */
		B3035C191B4102CF007B1268 /* Project object */ = {
			isa = PBXProject;
			attributes = {
				LastUpgradeCheck = 0630;
				ORGANIZATIONNAME = "Duncan Trotter";
				TargetAttributes = {
					B3035C201B4102CF007B1268 = {
						CreatedOnToolsVersion = 6.3.2;
					};
					B3035C351B4102D0007B1268 = {
						CreatedOnToolsVersion = 6.3.2;
						TestTargetID = B3035C201B4102CF007B1268;
					};
				};
			};
			buildConfigurationList = B3035C1C1B4102CF007B1268 /* Build configuration list for PBXProject "FirstiOSApp" */;
			compatibilityVersion = "Xcode 3.2";
			developmentRegion = English;
			hasScannedForEncodings = 0;
			knownRegions = (
				en,
				Base,
			);
			mainGroup = B3035C181B4102CF007B1268;
			productRefGroup = B3035C221B4102D0007B1268 /* Products */;
			projectDirPath = "";
			projectRoot = "";
			targets = (
				B3035C201B4102CF007B1268 /* FirstiOSApp */,
				B3035C351B4102D0007B1268 /* FirstiOSAppTests */,
			);
		};
/* End PBXProject section */

/* Begin PBXResourcesBuildPhase section */
		B3035C1F1B4102CF007B1268 /* Resources */ = {
			isa = PBXResourcesBuildPhase;
			buildActionMask = 2147483647;
			files = (
				B3035C2C1B4102D0007B1268 /* Main.storyboard in Resources */,
				B3035C311B4102D0007B1268 /* LaunchScreen.xib in Resources */,
				B3035C2E1B4102D0007B1268 /* Images.xcassets in Resources */,
			);
			runOnlyForDeploymentPostprocessing = 0;
		};
		B3035C341B4102D0007B1268 /* Resources */ = {
			isa = PBXResourcesBuildPhase;
			buildActionMask = 2147483647;
			files = (
			);
			runOnlyForDeploymentPostprocessing = 0;
		};
/* End PBXResourcesBuildPhase section */

/* Begin PBXSourcesBuildPhase section */
		B3035C1D1B4102CF007B1268 /* Sources */ = {
			isa = PBXSourcesBuildPhase;
			buildActionMask = 2147483647;
			files = (
				B3035C291B4102D0007B1268 /* ViewController.swift in Sources */,
				B3035C271B4102D0007B1268 /* AppDelegate.swift in Sources */,
			);
			runOnlyForDeploymentPostprocessing = 0;
		};
		B3035C321B4102D0007B1268 /* Sources */ = {
			isa = PBXSourcesBuildPhase;
			buildActionMask = 2147483647;
			files = (
				B3035C3D1B4102D0007B1268 /* FirstiOSAppTests.swift in Sources */,
			);
			runOnlyForDeploymentPostprocessing = 0;
		};
/* End PBXSourcesBuildPhase section */

/* Begin PBXTargetDependency section */
		B3035C381B4102D0007B1268 /* PBXTargetDependency */ = {
			isa = PBXTargetDependency;
			target = B3035C201B4102CF007B1268 /* FirstiOSApp */;
			targetProxy = B3035C371B4102D0007B1268 /* PBXContainerItemProxy */;
		};
/* End PBXTargetDependency section */

/* Begin PBXVariantGroup section */
		B3035C2A1B4102D0007B1268 /* Main.storyboard */ = {
			isa = PBXVariantGroup;
			children = (
				B3035C2B1B4102D0007B1268 /* Base */,
			);
			name = Main.storyboard;
			sourceTree = "<group>";
		};
		B3035C2F1B4102D0007B1268 /* LaunchScreen.xib */ = {
			isa = PBXVariantGroup;
			children = (
				B3035C301B4102D0007B1268 /* Base */,
			);
			name = LaunchScreen.xib;
			sourceTree = "<group>";
		};
/* End PBXVariantGroup section */

/* Begin XCBuildConfiguration section */
		B3035C3E1B4102D1007B1268 /* Debug */ = {
			isa = XCBuildConfiguration;
			buildSettings = {
				ALWAYS_SEARCH_USER_PATHS = NO;
				CLANG_CXX_LANGUAGE_STANDARD = "gnu++0x";
				CLANG_CXX_LIBRARY = "libc++";
				CLANG_ENABLE_MODULES = YES;
				CLANG_ENABLE_OBJC_ARC = YES;
				CLANG_WARN_BOOL_CONVERSION = YES;
				CLANG_WARN_CONSTANT_CONVERSION = YES;
				CLANG_WARN_DIRECT_OBJC_ISA_USAGE = YES_ERROR;
				CLANG_WARN_EMPTY_BODY = YES;
				CLANG_WARN_ENUM_CONVERSION = YES;
				CLANG_WARN_INT_CONVERSION = YES;
				CLANG_WARN_OBJC_ROOT_CLASS = YES_ERROR;
				CLANG_WARN_UNREACHABLE_CODE = YES;
				CLANG_WARN__DUPLICATE_METHOD_MATCH = YES;
				"CODE_SIGN_IDENTITY[sdk=iphoneos*]" = "iPhone Developer";
				COPY_PHASE_STRIP = NO;
				DEBUG_INFORMATION_FORMAT = "dwarf-with-dsym";
				ENABLE_STRICT_OBJC_MSGSEND = YES;
				GCC_C_LANGUAGE_STANDARD = gnu99;
				GCC_DYNAMIC_NO_PIC = NO;
				GCC_NO_COMMON_BLOCKS = YES;
				GCC_OPTIMIZATION_LEVEL = 0;
				GCC_PREPROCESSOR_DEFINITIONS = (
					"DEBUG=1",
					"$(inherited)",
				);
				GCC_SYMBOLS_PRIVATE_EXTERN = NO;
				GCC_WARN_64_TO_32_BIT_CONVERSION = YES;
				GCC_WARN_ABOUT_RETURN_TYPE = YES_ERROR;
				GCC_WARN_UNDECLARED_SELECTOR = YES;
				GCC_WARN_UNINITIALIZED_AUTOS = YES_AGGRESSIVE;
				GCC_WARN_UNUSED_FUNCTION = YES;
				GCC_WARN_UNUSED_VARIABLE = YES;
				IPHONEOS_DEPLOYMENT_TARGET = 8.3;
				MTL_ENABLE_DEBUG_INFO = YES;
				ONLY_ACTIVE_ARCH = YES;
				SDKROOT = iphoneos;
				SWIFT_OPTIMIZATION_LEVEL = "-Onone";
				TARGETED_DEVICE_FAMILY = "1,2";
			};
			name = Debug;
		};
		B3035C3F1B4102D1007B1268 /* Release */ = {
			isa = XCBuildConfiguration;
			buildSettings = {
				ALWAYS_SEARCH_USER_PATHS = NO;
				CLANG_CXX_LANGUAGE_STANDARD = "gnu++0x";
				CLANG_CXX_LIBRARY = "libc++";
				CLANG_ENABLE_MODULES = YES;
				CLANG_ENABLE_OBJC_ARC = YES;
				CLANG_WARN_BOOL_CONVERSION = YES;
				CLANG_WARN_CONSTANT_CONVERSION = YES;
				CLANG_WARN_DIRECT_OBJC_ISA_USAGE = YES_ERROR;
				CLANG_WARN_EMPTY_BODY = YES;
				CLANG_WARN_ENUM_CONVERSION = YES;
				CLANG_WARN_INT_CONVERSION = YES;
				CLANG_WARN_OBJC_ROOT_CLASS = YES_ERROR;
				CLANG_WARN_UNREACHABLE_CODE = YES;
				CLANG_WARN__DUPLICATE_METHOD_MATCH = YES;
				"CODE_SIGN_IDENTITY[sdk=iphoneos*]" = "iPhone Developer";
				COPY_PHASE_STRIP = NO;
				DEBUG_INFORMATION_FORMAT = "dwarf-with-dsym";
				ENABLE_NS_ASSERTIONS = NO;
				ENABLE_STRICT_OBJC_MSGSEND = YES;
				GCC_C_LANGUAGE_STANDARD = gnu99;
				GCC_NO_COMMON_BLOCKS = YES;
				GCC_WARN_64_TO_32_BIT_CONVERSION = YES;
				GCC_WARN_ABOUT_RETURN_TYPE = YES_ERROR;
				GCC_WARN_UNDECLARED_SELECTOR = YES;
				GCC_WARN_UNINITIALIZED_AUTOS = YES_AGGRESSIVE;
				GCC_WARN_UNUSED_FUNCTION = YES;
				GCC_WARN_UNUSED_VARIABLE = YES;
				IPHONEOS_DEPLOYMENT_TARGET = 8.3;
				MTL_ENABLE_DEBUG_INFO = NO;
				SDKROOT = iphoneos;
				TARGETED_DEVICE_FAMILY = "1,2";
				VALIDATE_PRODUCT = YES;
			};
			name = Release;
		};
		B3035C411B4102D1007B1268 /* Debug */ = {
			isa = XCBuildConfiguration;
			buildSettings = {
				ASSETCATALOG_COMPILER_APPICON_NAME = AppIcon;
				INFOPLIST_FILE = FirstiOSApp/Info.plist;
				LD_RUNPATH_SEARCH_PATHS = "$(inherited) @executable_path/Frameworks";
				PRODUCT_NAME = "$(TARGET_NAME)";
				TARGETED_DEVICE_FAMILY = 1;
			};
			name = Debug;
		};
		B3035C421B4102D1007B1268 /* Release */ = {
			isa = XCBuildConfiguration;
			buildSettings = {
				ASSETCATALOG_COMPILER_APPICON_NAME = AppIcon;
				INFOPLIST_FILE = FirstiOSApp/Info.plist;
				LD_RUNPATH_SEARCH_PATHS = "$(inherited) @executable_path/Frameworks";
				PRODUCT_NAME = "$(TARGET_NAME)";
				TARGETED_DEVICE_FAMILY = 1;
			};
			name = Release;
		};
		B3035C441B4102D1007B1268 /* Debug */ = {
			isa = XCBuildConfiguration;
			buildSettings = {
				BUNDLE_LOADER = "$(TEST_HOST)";
				FRAMEWORK_SEARCH_PATHS = (
					"$(SDKROOT)/Developer/Library/Frameworks",
					"$(inherited)",
				);
				GCC_PREPROCESSOR_DEFINITIONS = (
					"DEBUG=1",
					"$(inherited)",
				);
				INFOPLIST_FILE = FirstiOSAppTests/Info.plist;
				LD_RUNPATH_SEARCH_PATHS = "$(inherited) @executable_path/Frameworks @loader_path/Frameworks";
				PRODUCT_NAME = "$(TARGET_NAME)";
				TEST_HOST = "$(BUILT_PRODUCTS_DIR)/FirstiOSApp.app/FirstiOSApp";
			};
			name = Debug;
		};
		B3035C451B4102D1007B1268 /* Release */ = {
			isa = XCBuildConfiguration;
			buildSettings = {
				BUNDLE_LOADER = "$(TEST_HOST)";
				FRAMEWORK_SEARCH_PATHS = (
					"$(SDKROOT)/Developer/Library/Frameworks",
					"$(inherited)",
				);
				INFOPLIST_FILE = FirstiOSAppTests/Info.plist;
				LD_RUNPATH_SEARCH_PATHS = "$(inherited) @executable_path/Frameworks @loader_path/Frameworks";
				PRODUCT_NAME = "$(TARGET_NAME)";
				TEST_HOST = "$(BUILT_PRODUCTS_DIR)/FirstiOSApp.app/FirstiOSApp";
			};
			name = Release;
		};
/* End XCBuildConfiguration section */

/* Begin XCConfigurationList section */
		B3035C1C1B4102CF007B1268 /* Build configuration list for PBXProject "FirstiOSApp" */ = {
			isa = XCConfigurationList;
			buildConfigurations = (
				B3035C3E1B4102D1007B1268 /* Debug */,
				B3035C3F1B4102D1007B1268 /* Release */,
			);
			defaultConfigurationIsVisible = 0;
			defaultConfigurationName = Release;
		};
		B3035C401B4102D1007B1268 /* Build configuration list for PBXNativeTarget "FirstiOSApp" */ = {
			isa = XCConfigurationList;
			buildConfigurations = (
				B3035C411B4102D1007B1268 /* Debug */,
				B3035C421B4102D1007B1268 /* Release */,
			);
			defaultConfigurationIsVisible = 0;
		};
		B3035C431B4102D1007B1268 /* Build configuration list for PBXNativeTarget "FirstiOSAppTests" */ = {
			isa = XCConfigurationList;
			buildConfigurations = (
				B3035C441B4102D1007B1268 /* Debug */,
				B3035C451B4102D1007B1268 /* Release */,
			);
			defaultConfigurationIsVisible = 0;
		};
/* End XCConfigurationList section */
	};
	rootObject = B3035C191B4102CF007B1268 /* Project object */;
}
